#MicroXplorer Configuration settings - do not modify
Mcu.Family=STM32L1
RCC.MSI_VALUE=2097000
ProjectManager.MainLocation=Src
ProjectManager.ProjectFileName=TP_TINF.ioc
USART2.IPParameters=VirtualMode,BaudRate,Parity,WordLength
ProjectManager.KeepUserCode=true
Mcu.UserName=STM32L152RETx
Mcu.PinsNb=6
ProjectManager.NoMain=false
RCC.PLLCLKFreq_Value=24000000
USART2.Parity=PARITY_EVEN
ProjectManager.functionlistsort=1-MX_GPIO_Init-GPIO-false-HAL-true,2-SystemClock_Config-RCC-false-HAL-false,3-MX_USART2_UART_Init-USART2-false-HAL-true
RCC.RTCFreq_Value=37000
ProjectManager.DefaultFWLocation=true
NVIC.SVC_IRQn=true\:0\:0\:false\:false\:true\:false\:false
ProjectManager.DeletePrevious=true
RCC.TimerFreq_Value=16000000
NVIC.USART2_IRQn=true\:0\:0\:false\:false\:true\:true\:true
USART2.BaudRate=19200 
PinOutPanel.RotationAngle=0
RCC.FamilyName=M
RCC.SYSCLKSource=RCC_SYSCLKSOURCE_HSI
ProjectManager.StackSize=0x400
PA13.Signal=SYS_JTMS-SWDIO
PA3.Mode=Asynchronous
RCC.FCLKCortexFreq_Value=16000000
Mcu.IP2=SYS
Mcu.IP3=USART2
Mcu.IP0=NVIC
Mcu.IP1=RCC
Mcu.UserConstants=
ProjectManager.TargetToolchain=TrueSTUDIO
Mcu.ThirdPartyNb=0
RCC.HCLKFreq_Value=16000000
Mcu.IPNb=4
ProjectManager.PreviousToolchain=TrueSTUDIO
RCC.APB2TimFreq_Value=16000000
RCC.LSE_VALUE=32768
RCC.AHBFreq_Value=16000000
Mcu.Pin0=PA2
Mcu.Pin1=PA3
GPIO.groupedBy=
Mcu.Pin2=PA5
Mcu.Pin3=PA13
Mcu.Pin4=PA14
Mcu.Pin5=VP_SYS_VS_Systick
PA5.Signal=GPIO_Output
ProjectManager.ProjectBuild=false
RCC.HSE_VALUE=24000000
NVIC.UsageFault_IRQn=true\:0\:0\:false\:false\:true\:false\:false
NVIC.DebugMonitor_IRQn=true\:0\:0\:false\:false\:true\:false\:false
RCC.MCOPinFreq_Value=16000000
board=custom
RCC.VCOOutputFreq_Value=48000000
NVIC.SysTick_IRQn=true\:0\:0\:false\:false\:true\:false\:true
ProjectManager.LastFirmware=true
ProjectManager.FirmwarePackage=STM32Cube FW_L1 V1.9.0
MxDb.Version=DB.5.0.60
RCC.APB2Freq_Value=16000000
ProjectManager.BackupPrevious=false
MxCube.Version=5.6.0
PA14.Mode=Serial_Wire
File.Version=6
VP_SYS_VS_Systick.Mode=SysTick
NVIC.NonMaskableInt_IRQn=true\:0\:0\:false\:false\:true\:false\:false
NVIC.PendSV_IRQn=true\:0\:0\:false\:false\:true\:false\:false
PA13.Mode=Serial_Wire
ProjectManager.FreePins=false
RCC.IPParameters=AHBFreq_Value,APB1Freq_Value,APB1TimFreq_Value,APB2Freq_Value,APB2TimFreq_Value,FCLKCortexFreq_Value,FamilyName,HCLKFreq_Value,HSE_VALUE,HSI_VALUE,LSE_VALUE,LSI_VALUE,MCOPinFreq_Value,MSI_VALUE,PLLCLKFreq_Value,PWRFreq_Value,RTCFreq_Value,RTCHSEDivFreq_Value,SYSCLKFreq_VALUE,SYSCLKSource,TIMFreq_Value,TimerFreq_Value,VCOOutputFreq_Value
ProjectManager.AskForMigrate=true
Mcu.Name=STM32L152RETx
ProjectManager.HalAssertFull=false
RCC.RTCHSEDivFreq_Value=12000000
PA2.Signal=USART2_TX
ProjectManager.ProjectName=TP_TINF
ProjectManager.UnderRoot=true
ProjectManager.CoupleFile=true
RCC.SYSCLKFreq_VALUE=16000000
Mcu.Package=LQFP64
PA5.Locked=true
NVIC.ForceEnableDMAVector=true
KeepUserPlacement=false
USART2.VirtualMode=VM_ASYNC
NVIC.MemoryManagement_IRQn=true\:0\:0\:false\:false\:true\:false\:false
ProjectManager.CompilerOptimize=6
ProjectManager.ToolChainLocation=
RCC.LSI_VALUE=37000
VP_SYS_VS_Systick.Signal=SYS_VS_Systick
PA14.Signal=SYS_JTCK-SWCLK
ProjectManager.HeapSize=0x200
NVIC.HardFault_IRQn=true\:0\:0\:false\:false\:true\:false\:false
USART2.WordLength=WORDLENGTH_9B
ProjectManager.ComputerToolchain=false
RCC.HSI_VALUE=16000000
NVIC.PriorityGroup=NVIC_PRIORITYGROUP_4
RCC.APB1TimFreq_Value=16000000
PA2.Mode=Asynchronous
NVIC.BusFault_IRQn=true\:0\:0\:false\:false\:true\:false\:false
RCC.PWRFreq_Value=16000000
RCC.APB1Freq_Value=16000000
ProjectManager.CustomerFirmwarePackage=
ProjectManager.DeviceId=STM32L152RETx
ProjectManager.LibraryCopy=1
PA3.Signal=USART2_RX
RCC.TIMFreq_Value=16000000
